
Microsoft Visual Studio Solution File, Format Version 12.00
# Visual Studio Version 17
VisualStudioVersion = 17.0.32014.148
MinimumVisualStudioVersion = 10.0.40219.1
Project("{FAE04EC0-301F-11D3-BF4B-00C04F79EFBC}") = "Advanced.NET6.Project", "Advanced.NET6.Project\Advanced.NET6.Project.csproj", "{78F10F3F-A5FF-4AAC-A965-9A0FED8AAE3F}"
EndProject
Global
	GlobalSection(SolutionConfigurationPlatforms) = preSolution
		Debug|Any CPU = Debug|Any CPU
		Release|Any CPU = Release|Any CPU
	EndGlobalSection
	GlobalSection(ProjectConfigurationPlatforms) = postSolution
		{78F10F3F-A5FF-4AAC-A965-9A0FED8AAE3F}.Debug|Any CPU.ActiveCfg = Debug|Any CPU
		{78F10F3F-A5FF-4AAC-A965-9A0FED8AAE3F}.Debug|Any CPU.Build.0 = Debug|Any CPU
		{78F10F3F-A5FF-4AAC-A965-9A0FED8AAE3F}.Release|Any CPU.ActiveCfg = Release|Any CPU
		{78F10F3F-A5FF-4AAC-A965-9A0FED8AAE3F}.Release|Any CPU.Build.0 = Release|Any CPU
	EndGlobalSection
	GlobalSection(SolutionProperties) = preSolution
		HideSolutionNode = FALSE
	EndGlobalSection
	GlobalSection(ExtensibilityGlobals) = postSolution
		SolutionGuid = {417BEC35-55C5-42CF-AB32-357ED792E069}
	EndGlobalSection
EndGlobal
